
Microsoft Visual Studio Solution File, Format Version 12.00
Project("{FAE04EC0-301F-11D3-BF4B-00C04F79EFBC}") = "GridApp", "GridApp\GridApp.csproj", "{9D65CB5A-B0F4-4BF9-A3A7-FB7F77FC9B7D}"
EndProject
Project("{FAE04EC0-301F-11D3-BF4B-00C04F79EFBC}") = "SharpMath.FEM", "..\Math\SharpMath.FEM\SharpMath.FEM.csproj", "{DB02F425-6E93-450F-86D3-EB679F66EE41}"
EndProject
Project("{FAE04EC0-301F-11D3-BF4B-00C04F79EFBC}") = "SharpMath.Geometry", "..\Math\SharpMath.Geometry\SharpMath.Geometry.csproj", "{B2B5FB1D-B359-41B0-A2ED-633824C19E03}"
EndProject
Project("{FAE04EC0-301F-11D3-BF4B-00C04F79EFBC}") = "SharpMath.Primitives", "..\Math\SharpMath.Primitives\SharpMath.Primitives.csproj", "{45224582-D583-4D50-B7B1-4FCDBC0B53A0}"
EndProject
Global
	GlobalSection(SolutionConfigurationPlatforms) = preSolution
		Debug|Any CPU = Debug|Any CPU
		Release|Any CPU = Release|Any CPU
	EndGlobalSection
	GlobalSection(ProjectConfigurationPlatforms) = postSolution
		{9D65CB5A-B0F4-4BF9-A3A7-FB7F77FC9B7D}.Debug|Any CPU.ActiveCfg = Debug|Any CPU
		{9D65CB5A-B0F4-4BF9-A3A7-FB7F77FC9B7D}.Debug|Any CPU.Build.0 = Debug|Any CPU
		{9D65CB5A-B0F4-4BF9-A3A7-FB7F77FC9B7D}.Release|Any CPU.ActiveCfg = Release|Any CPU
		{9D65CB5A-B0F4-4BF9-A3A7-FB7F77FC9B7D}.Release|Any CPU.Build.0 = Release|Any CPU
		{DB02F425-6E93-450F-86D3-EB679F66EE41}.Debug|Any CPU.ActiveCfg = Debug|Any CPU
		{DB02F425-6E93-450F-86D3-EB679F66EE41}.Debug|Any CPU.Build.0 = Debug|Any CPU
		{DB02F425-6E93-450F-86D3-EB679F66EE41}.Release|Any CPU.ActiveCfg = Release|Any CPU
		{DB02F425-6E93-450F-86D3-EB679F66EE41}.Release|Any CPU.Build.0 = Release|Any CPU
		{B2B5FB1D-B359-41B0-A2ED-633824C19E03}.Debug|Any CPU.ActiveCfg = Debug|Any CPU
		{B2B5FB1D-B359-41B0-A2ED-633824C19E03}.Debug|Any CPU.Build.0 = Debug|Any CPU
		{B2B5FB1D-B359-41B0-A2ED-633824C19E03}.Release|Any CPU.ActiveCfg = Release|Any CPU
		{B2B5FB1D-B359-41B0-A2ED-633824C19E03}.Release|Any CPU.Build.0 = Release|Any CPU
		{45224582-D583-4D50-B7B1-4FCDBC0B53A0}.Debug|Any CPU.ActiveCfg = Debug|Any CPU
		{45224582-D583-4D50-B7B1-4FCDBC0B53A0}.Debug|Any CPU.Build.0 = Debug|Any CPU
		{45224582-D583-4D50-B7B1-4FCDBC0B53A0}.Release|Any CPU.ActiveCfg = Release|Any CPU
		{45224582-D583-4D50-B7B1-4FCDBC0B53A0}.Release|Any CPU.Build.0 = Release|Any CPU
	EndGlobalSection
EndGlobal
